
Microsoft Visual Studio Solution File, Format Version 12.00
# Visual Studio Version 17
VisualStudioVersion = 17.10.34928.147
MinimumVisualStudioVersion = 10.0.40219.1
Project("{FAE04EC0-301F-11D3-BF4B-00C04F79EFBC}") = "LA4_Asteroid_Dodger", "LA4_Asteroid_Dodger.csproj", "{C27AD39A-9BF9-4625-BFF1-470FFD85D2D8}"
EndProject
Global
	GlobalSection(SolutionConfigurationPlatforms) = preSolution
		Debug|Any CPU = Debug|Any CPU
		Release|Any CPU = Release|Any CPU
	EndGlobalSection
	GlobalSection(ProjectConfigurationPlatforms) = postSolution
		{C27AD39A-9BF9-4625-BFF1-470FFD85D2D8}.Debug|Any CPU.ActiveCfg = Debug|Any CPU
		{C27AD39A-9BF9-4625-BFF1-470FFD85D2D8}.Debug|Any CPU.Build.0 = Debug|Any CPU
		{C27AD39A-9BF9-4625-BFF1-470FFD85D2D8}.Release|Any CPU.ActiveCfg = Release|Any CPU
		{C27AD39A-9BF9-4625-BFF1-470FFD85D2D8}.Release|Any CPU.Build.0 = Release|Any CPU
	EndGlobalSection
	GlobalSection(SolutionProperties) = preSolution
		HideSolutionNode = FALSE
	EndGlobalSection
	GlobalSection(ExtensibilityGlobals) = postSolution
		SolutionGuid = {BAA547E3-78AD-4882-BFF5-EA81689D707D}
	EndGlobalSection
EndGlobal
